# This file was autogenerated by Stack.
# You should not edit this file by hand.
# For more information, please see the documentation at:
#   https://docs.haskellstack.org/en/stable/lock_files

packages:
- completed:
    hackage: rate-limit-1.4.3@sha256:ede2fd61c08dd6bc1849a5ca777baf5b68476f33e57cca40bc7c742603969f06,963
    pantry-tree:
      sha256: 6480053663ee9e6e2f54534e7ca734f4d8d511e71ee42831e42ce106d54344ca
      size: 168
  original:
    hackage: rate-limit-1.4.3
snapshots:
- completed:
    sha256: 8df76964a26063c50a70a3763246af6902012810637bb69fb0f078f3df9e93b7
    size: 575107
    url: https://raw.githubusercontent.com/commercialhaskell/stackage-snapshots/master/nightly/2023/1/11.yaml
  original: nightly-2023-01-11
